
Microsoft Visual Studio Solution File, Format Version 12.00
# Visual Studio Version 16
VisualStudioVersion = 16.0.31911.196
MinimumVisualStudioVersion = 10.0.40219.1
Project("{888888A0-9F3D-457C-B088-3A5042F75D52}") = "[Daily Problem] Group Words that are Anagrams", "[Daily Problem] Group Words that are Anagrams\[Daily Problem] Group Words that are Anagrams.pyproj", "{936A1B1E-60A3-47BA-AAFA-132BF1547AA7}"
EndProject
Global
	GlobalSection(SolutionConfigurationPlatforms) = preSolution
		Debug|Any CPU = Debug|Any CPU
		Release|Any CPU = Release|Any CPU
	EndGlobalSection
	GlobalSection(ProjectConfigurationPlatforms) = postSolution
		{936A1B1E-60A3-47BA-AAFA-132BF1547AA7}.Debug|Any CPU.ActiveCfg = Debug|Any CPU
		{936A1B1E-60A3-47BA-AAFA-132BF1547AA7}.Release|Any CPU.ActiveCfg = Release|Any CPU
	EndGlobalSection
	GlobalSection(SolutionProperties) = preSolution
		HideSolutionNode = FALSE
	EndGlobalSection
	GlobalSection(ExtensibilityGlobals) = postSolution
		SolutionGuid = {CB9C396C-A29F-4982-BF64-5234465F4460}
	EndGlobalSection
EndGlobal
